// !$*UTF8*$!
{
	archiveVersion = 1;
	classes = {
	};
	objectVersion = 48;
	objects = {

/* Begin PBXBuildFile section */
		545190A7205C2C0E009C9F7C /* Category.swift in Sources */ = {isa = PBXBuildFile; fileRef = 545190A6205C2C0E009C9F7C /* Category.swift */; };
		545190A9205C2C14009C9F7C /* Site.swift in Sources */ = {isa = PBXBuildFile; fileRef = 545190A8205C2C14009C9F7C /* Site.swift */; };
		545190AB205C2DA7009C9F7C /* Environment.swift in Sources */ = {isa = PBXBuildFile; fileRef = 545190AA205C2DA7009C9F7C /* Environment.swift */; };
		545190AE205C3182009C9F7C /* FetchRequest.swift in Sources */ = {isa = PBXBuildFile; fileRef = 545190AD205C3182009C9F7C /* FetchRequest.swift */; };
		545854D2205C79B700003635 /* CategoryHeaderView.swift in Sources */ = {isa = PBXBuildFile; fileRef = 545854D1205C79B700003635 /* CategoryHeaderView.swift */; };
		545854D4205C7A5700003635 /* CategoryHeaderView.xib in Resources */ = {isa = PBXBuildFile; fileRef = 545854D3205C7A5700003635 /* CategoryHeaderView.xib */; };
		545854D7205C7B7F00003635 /* ReusableCell.swift in Sources */ = {isa = PBXBuildFile; fileRef = 545854D5205C7B7F00003635 /* ReusableCell.swift */; };
		545854D8205C7B7F00003635 /* NibLoadable.swift in Sources */ = {isa = PBXBuildFile; fileRef = 545854D6205C7B7F00003635 /* NibLoadable.swift */; };
		54609FF1205C61C3000169BE /* ImageView.swift in Sources */ = {isa = PBXBuildFile; fileRef = 54609FF0205C61C3000169BE /* ImageView.swift */; };
		5487B9BE205C39080055481C /* Localization.swift in Sources */ = {isa = PBXBuildFile; fileRef = 5487B9BD205C39080055481C /* Localization.swift */; };
		5487B9C0205C39440055481C /* Localizable.strings in Resources */ = {isa = PBXBuildFile; fileRef = 5487B9BF205C39440055481C /* Localizable.strings */; };
		5487B9C2205C42FC0055481C /* NavigationController.swift in Sources */ = {isa = PBXBuildFile; fileRef = 5487B9C1205C42FC0055481C /* NavigationController.swift */; };
		5487B9C4205C47840055481C /* StoryboardLoadable.swift in Sources */ = {isa = PBXBuildFile; fileRef = 5487B9C3205C47840055481C /* StoryboardLoadable.swift */; };
		5487B9C7205C50C40055481C /* SiteCell.swift in Sources */ = {isa = PBXBuildFile; fileRef = 5487B9C6205C50C40055481C /* SiteCell.swift */; };
		54C46F252060294100B2B001 /* Region.swift in Sources */ = {isa = PBXBuildFile; fileRef = 54C46F242060294100B2B001 /* Region.swift */; };
		54CD010D205C82510014417B /* CategoryFooterView.xib in Resources */ = {isa = PBXBuildFile; fileRef = 54CD010C205C82510014417B /* CategoryFooterView.xib */; };
		54CD010F205C8E660014417B /* Button.swift in Sources */ = {isa = PBXBuildFile; fileRef = 54CD010E205C8E660014417B /* Button.swift */; };
		54F7A262205C25E300BC7531 /* AppDelegate.swift in Sources */ = {isa = PBXBuildFile; fileRef = 54F7A261205C25E300BC7531 /* AppDelegate.swift */; };
		54F7A264205C25E400BC7531 /* DirectoryViewController.swift in Sources */ = {isa = PBXBuildFile; fileRef = 54F7A263205C25E400BC7531 /* DirectoryViewController.swift */; };
		54F7A266205C25E400BC7531 /* SiteViewController.swift in Sources */ = {isa = PBXBuildFile; fileRef = 54F7A265205C25E400BC7531 /* SiteViewController.swift */; };
		54F7A269205C25E400BC7531 /* Main.storyboard in Resources */ = {isa = PBXBuildFile; fileRef = 54F7A267205C25E400BC7531 /* Main.storyboard */; };
		54F7A26B205C25E400BC7531 /* Assets.xcassets in Resources */ = {isa = PBXBuildFile; fileRef = 54F7A26A205C25E400BC7531 /* Assets.xcassets */; };
		54F7A26E205C25E400BC7531 /* LaunchScreen.storyboard in Resources */ = {isa = PBXBuildFile; fileRef = 54F7A26C205C25E400BC7531 /* LaunchScreen.storyboard */; };
		BE4A30B250F7A39424E94690 /* Pods_Directory.framework in Frameworks */ = {isa = PBXBuildFile; fileRef = AB5AFECDC53E57089BD053EA /* Pods_Directory.framework */; };
/* End PBXBuildFile section */

/* Begin PBXFileReference section */
		545190A6205C2C0E009C9F7C /* Category.swift */ = {isa = PBXFileReference; lastKnownFileType = sourcecode.swift; path = Category.swift; sourceTree = "<group>"; };
		545190A8205C2C14009C9F7C /* Site.swift */ = {isa = PBXFileReference; lastKnownFileType = sourcecode.swift; path = Site.swift; sourceTree = "<group>"; };
		545190AA205C2DA7009C9F7C /* Environment.swift */ = {isa = PBXFileReference; lastKnownFileType = sourcecode.swift; path = Environment.swift; sourceTree = "<group>"; };
		545190AD205C3182009C9F7C /* FetchRequest.swift */ = {isa = PBXFileReference; lastKnownFileType = sourcecode.swift; path = FetchRequest.swift; sourceTree = "<group>"; };
		545854D1205C79B700003635 /* CategoryHeaderView.swift */ = {isa = PBXFileReference; lastKnownFileType = sourcecode.swift; path = CategoryHeaderView.swift; sourceTree = "<group>"; };
		545854D3205C7A5700003635 /* CategoryHeaderView.xib */ = {isa = PBXFileReference; lastKnownFileType = file.xib; path = CategoryHeaderView.xib; sourceTree = "<group>"; };
		545854D5205C7B7F00003635 /* ReusableCell.swift */ = {isa = PBXFileReference; fileEncoding = 4; lastKnownFileType = sourcecode.swift; path = ReusableCell.swift; sourceTree = "<group>"; };
		545854D6205C7B7F00003635 /* NibLoadable.swift */ = {isa = PBXFileReference; fileEncoding = 4; lastKnownFileType = sourcecode.swift; path = NibLoadable.swift; sourceTree = "<group>"; };
		54609FF0205C61C3000169BE /* ImageView.swift */ = {isa = PBXFileReference; lastKnownFileType = sourcecode.swift; path = ImageView.swift; sourceTree = "<group>"; };
		5487B9BD205C39080055481C /* Localization.swift */ = {isa = PBXFileReference; lastKnownFileType = sourcecode.swift; path = Localization.swift; sourceTree = "<group>"; };
		5487B9BF205C39440055481C /* Localizable.strings */ = {isa = PBXFileReference; lastKnownFileType = text.plist.strings; path = Localizable.strings; sourceTree = "<group>"; };
		5487B9C1205C42FC0055481C /* NavigationController.swift */ = {isa = PBXFileReference; lastKnownFileType = sourcecode.swift; path = NavigationController.swift; sourceTree = "<group>"; };
		5487B9C3205C47840055481C /* StoryboardLoadable.swift */ = {isa = PBXFileReference; fileEncoding = 4; lastKnownFileType = sourcecode.swift; path = StoryboardLoadable.swift; sourceTree = "<group>"; };
		5487B9C6205C50C40055481C /* SiteCell.swift */ = {isa = PBXFileReference; lastKnownFileType = sourcecode.swift; path = SiteCell.swift; sourceTree = "<group>"; };
		54C46F242060294100B2B001 /* Region.swift */ = {isa = PBXFileReference; lastKnownFileType = sourcecode.swift; path = Region.swift; sourceTree = "<group>"; };
		54CD010C205C82510014417B /* CategoryFooterView.xib */ = {isa = PBXFileReference; lastKnownFileType = file.xib; path = CategoryFooterView.xib; sourceTree = "<group>"; };
		54CD010E205C8E660014417B /* Button.swift */ = {isa = PBXFileReference; lastKnownFileType = sourcecode.swift; path = Button.swift; sourceTree = "<group>"; };
		54F7A25E205C25E300BC7531 /* Directory.app */ = {isa = PBXFileReference; explicitFileType = wrapper.application; includeInIndex = 0; path = Directory.app; sourceTree = BUILT_PRODUCTS_DIR; };
		54F7A261205C25E300BC7531 /* AppDelegate.swift */ = {isa = PBXFileReference; lastKnownFileType = sourcecode.swift; path = AppDelegate.swift; sourceTree = "<group>"; };
		54F7A263205C25E400BC7531 /* DirectoryViewController.swift */ = {isa = PBXFileReference; lastKnownFileType = sourcecode.swift; path = DirectoryViewController.swift; sourceTree = "<group>"; };
		54F7A265205C25E400BC7531 /* SiteViewController.swift */ = {isa = PBXFileReference; lastKnownFileType = sourcecode.swift; path = SiteViewController.swift; sourceTree = "<group>"; };
		54F7A268205C25E400BC7531 /* Base */ = {isa = PBXFileReference; lastKnownFileType = file.storyboard; name = Base; path = Base.lproj/Main.storyboard; sourceTree = "<group>"; };
		54F7A26A205C25E400BC7531 /* Assets.xcassets */ = {isa = PBXFileReference; lastKnownFileType = folder.assetcatalog; path = Assets.xcassets; sourceTree = "<group>"; };
		54F7A26D205C25E400BC7531 /* Base */ = {isa = PBXFileReference; lastKnownFileType = file.storyboard; name = Base; path = Base.lproj/LaunchScreen.storyboard; sourceTree = "<group>"; };
		54F7A26F205C25E400BC7531 /* Info.plist */ = {isa = PBXFileReference; lastKnownFileType = text.plist.xml; path = Info.plist; sourceTree = "<group>"; };
		8B6E389A057D59E9A09400A4 /* Pods-Directory.debug.xcconfig */ = {isa = PBXFileReference; includeInIndex = 1; lastKnownFileType = text.xcconfig; name = "Pods-Directory.debug.xcconfig"; path = "Pods/Target Support Files/Pods-Directory/Pods-Directory.debug.xcconfig"; sourceTree = "<group>"; };
		AB5AFECDC53E57089BD053EA /* Pods_Directory.framework */ = {isa = PBXFileReference; explicitFileType = wrapper.framework; includeInIndex = 0; path = Pods_Directory.framework; sourceTree = BUILT_PRODUCTS_DIR; };
		F449270B4FBA0D64D2CAA971 /* Pods-Directory.release.xcconfig */ = {isa = PBXFileReference; includeInIndex = 1; lastKnownFileType = text.xcconfig; name = "Pods-Directory.release.xcconfig"; path = "Pods/Target Support Files/Pods-Directory/Pods-Directory.release.xcconfig"; sourceTree = "<group>"; };
/* End PBXFileReference section */

/* Begin PBXFrameworksBuildPhase section */
		54F7A25B205C25E300BC7531 /* Frameworks */ = {
			isa = PBXFrameworksBuildPhase;
			buildActionMask = 2147483647;
			files = (
				BE4A30B250F7A39424E94690 /* Pods_Directory.framework in Frameworks */,
			);
			runOnlyForDeploymentPostprocessing = 0;
		};
/* End PBXFrameworksBuildPhase section */

/* Begin PBXGroup section */
		545190A5205C2BF7009C9F7C /* Model */ = {
			isa = PBXGroup;
			children = (
				545190AA205C2DA7009C9F7C /* Environment.swift */,
				54C46F242060294100B2B001 /* Region.swift */,
				545190A6205C2C0E009C9F7C /* Category.swift */,
				545190A8205C2C14009C9F7C /* Site.swift */,
			);
			path = Model;
			sourceTree = "<group>";
		};
		545190AC205C312F009C9F7C /* Request */ = {
			isa = PBXGroup;
			children = (
				545190AD205C3182009C9F7C /* FetchRequest.swift */,
			);
			path = Request;
			sourceTree = "<group>";
		};
		5487B9BC205C38FE0055481C /* Localization */ = {
			isa = PBXGroup;
			children = (
				5487B9BF205C39440055481C /* Localizable.strings */,
				5487B9BD205C39080055481C /* Localization.swift */,
			);
			path = Localization;
			sourceTree = "<group>";
		};
		5487B9C5205C47870055481C /* Helpers */ = {
			isa = PBXGroup;
			children = (
				5487B9C3205C47840055481C /* StoryboardLoadable.swift */,
				545854D6205C7B7F00003635 /* NibLoadable.swift */,
				545854D5205C7B7F00003635 /* ReusableCell.swift */,
				54609FF0205C61C3000169BE /* ImageView.swift */,
				54CD010E205C8E660014417B /* Button.swift */,
			);
			path = Helpers;
			sourceTree = "<group>";
		};
		54F7A255205C25E300BC7531 = {
			isa = PBXGroup;
			children = (
				5487B9C5205C47870055481C /* Helpers */,
				5487B9BC205C38FE0055481C /* Localization */,
				545190AC205C312F009C9F7C /* Request */,
				545190A5205C2BF7009C9F7C /* Model */,
				54F7A260205C25E300BC7531 /* Directory */,
				54F7A25F205C25E300BC7531 /* Products */,
				55AA838E0B7E69B1321A0F64 /* Pods */,
				D2E5EE07B541F28E42F8190F /* Frameworks */,
			);
			sourceTree = "<group>";
		};
		54F7A25F205C25E300BC7531 /* Products */ = {
			isa = PBXGroup;
			children = (
				54F7A25E205C25E300BC7531 /* Directory.app */,
			);
			name = Products;
			sourceTree = "<group>";
		};
		54F7A260205C25E300BC7531 /* Directory */ = {
			isa = PBXGroup;
			children = (
				54F7A261205C25E300BC7531 /* AppDelegate.swift */,
				5487B9C1205C42FC0055481C /* NavigationController.swift */,
				54F7A263205C25E400BC7531 /* DirectoryViewController.swift */,
				54F7A265205C25E400BC7531 /* SiteViewController.swift */,
				5487B9C6205C50C40055481C /* SiteCell.swift */,
				545854D1205C79B700003635 /* CategoryHeaderView.swift */,
				545854D3205C7A5700003635 /* CategoryHeaderView.xib */,
				54CD010C205C82510014417B /* CategoryFooterView.xib */,
				54F7A267205C25E400BC7531 /* Main.storyboard */,
				54F7A26C205C25E400BC7531 /* LaunchScreen.storyboard */,
				54F7A26A205C25E400BC7531 /* Assets.xcassets */,
				54F7A26F205C25E400BC7531 /* Info.plist */,
			);
			path = Directory;
			sourceTree = "<group>";
		};
		55AA838E0B7E69B1321A0F64 /* Pods */ = {
			isa = PBXGroup;
			children = (
				8B6E389A057D59E9A09400A4 /* Pods-Directory.debug.xcconfig */,
				F449270B4FBA0D64D2CAA971 /* Pods-Directory.release.xcconfig */,
			);
			name = Pods;
			sourceTree = "<group>";
		};
		D2E5EE07B541F28E42F8190F /* Frameworks */ = {
			isa = PBXGroup;
			children = (
				AB5AFECDC53E57089BD053EA /* Pods_Directory.framework */,
			);
			name = Frameworks;
			sourceTree = "<group>";
		};
/* End PBXGroup section */

/* Begin PBXNativeTarget section */
		54F7A25D205C25E300BC7531 /* Directory */ = {
			isa = PBXNativeTarget;
			buildConfigurationList = 54F7A27D205C25E400BC7531 /* Build configuration list for PBXNativeTarget "Directory" */;
			buildPhases = (
				8BE1EDF8184425C9732843A7 /* [CP] Check Pods Manifest.lock */,
				54F7A25A205C25E300BC7531 /* Sources */,
				54F7A25B205C25E300BC7531 /* Frameworks */,
				54F7A25C205C25E300BC7531 /* Resources */,
				2D0CAFCEB393870070B317B5 /* [CP] Embed Pods Frameworks */,
				5F082C90F8955829451760C2 /* [CP] Copy Pods Resources */,
			);
			buildRules = (
			);
			dependencies = (
			);
			name = Directory;
			productName = Directory;
			productReference = 54F7A25E205C25E300BC7531 /* Directory.app */;
			productType = "com.apple.product-type.application";
		};
/* End PBXNativeTarget section */

/* Begin PBXProject section */
		54F7A256205C25E300BC7531 /* Project object */ = {
			isa = PBXProject;
			attributes = {
				LastSwiftUpdateCheck = 0920;
				LastUpgradeCheck = 0930;
				ORGANIZATIONNAME = "152percent Ltd";
				TargetAttributes = {
					54F7A25D205C25E300BC7531 = {
						CreatedOnToolsVersion = 9.2;
						ProvisioningStyle = Automatic;
					};
				};
			};
			buildConfigurationList = 54F7A259205C25E300BC7531 /* Build configuration list for PBXProject "Directory" */;
			compatibilityVersion = "Xcode 8.0";
			developmentRegion = en;
			hasScannedForEncodings = 0;
			knownRegions = (
				en,
				Base,
			);
			mainGroup = 54F7A255205C25E300BC7531;
			productRefGroup = 54F7A25F205C25E300BC7531 /* Products */;
			projectDirPath = "";
			projectRoot = "";
			targets = (
				54F7A25D205C25E300BC7531 /* Directory */,
			);
		};
/* End PBXProject section */

/* Begin PBXResourcesBuildPhase section */
		54F7A25C205C25E300BC7531 /* Resources */ = {
			isa = PBXResourcesBuildPhase;
			buildActionMask = 2147483647;
			files = (
				54F7A26E205C25E400BC7531 /* LaunchScreen.storyboard in Resources */,
				5487B9C0205C39440055481C /* Localizable.strings in Resources */,
				54F7A26B205C25E400BC7531 /* Assets.xcassets in Resources */,
				54CD010D205C82510014417B /* CategoryFooterView.xib in Resources */,
				54F7A269205C25E400BC7531 /* Main.storyboard in Resources */,
				545854D4205C7A5700003635 /* CategoryHeaderView.xib in Resources */,
			);
			runOnlyForDeploymentPostprocessing = 0;
		};
/* End PBXResourcesBuildPhase section */

/* Begin PBXShellScriptBuildPhase section */
		2D0CAFCEB393870070B317B5 /* [CP] Embed Pods Frameworks */ = {
			isa = PBXShellScriptBuildPhase;
			buildActionMask = 2147483647;
			files = (
			);
			inputPaths = (
				"${SRCROOT}/Pods/Target Support Files/Pods-Directory/Pods-Directory-frameworks.sh",
				"${BUILT_PRODUCTS_DIR}/GraphicsRenderer/GraphicsRenderer.framework",
				"${BUILT_PRODUCTS_DIR}/Kingfisher/Kingfisher.framework",
				"${BUILT_PRODUCTS_DIR}/Peek/Peek.framework",
			);
			name = "[CP] Embed Pods Frameworks";
			outputPaths = (
				"${TARGET_BUILD_DIR}/${FRAMEWORKS_FOLDER_PATH}/GraphicsRenderer.framework",
				"${TARGET_BUILD_DIR}/${FRAMEWORKS_FOLDER_PATH}/Kingfisher.framework",
				"${TARGET_BUILD_DIR}/${FRAMEWORKS_FOLDER_PATH}/Peek.framework",
			);
			runOnlyForDeploymentPostprocessing = 0;
			shellPath = /bin/sh;
			shellScript = "\"${SRCROOT}/Pods/Target Support Files/Pods-Directory/Pods-Directory-frameworks.sh\"\n";
			showEnvVarsInLog = 0;
		};
		5F082C90F8955829451760C2 /* [CP] Copy Pods Resources */ = {
			isa = PBXShellScriptBuildPhase;
			buildActionMask = 2147483647;
			files = (
			);
			inputPaths = (
			);
			name = "[CP] Copy Pods Resources";
			outputPaths = (
			);
			runOnlyForDeploymentPostprocessing = 0;
			shellPath = /bin/sh;
			shellScript = "\"${SRCROOT}/Pods/Target Support Files/Pods-Directory/Pods-Directory-resources.sh\"\n";
			showEnvVarsInLog = 0;
		};
		8BE1EDF8184425C9732843A7 /* [CP] Check Pods Manifest.lock */ = {
			isa = PBXShellScriptBuildPhase;
			buildActionMask = 2147483647;
			files = (
			);
			inputPaths = (
				"${PODS_PODFILE_DIR_PATH}/Podfile.lock",
				"${PODS_ROOT}/Manifest.lock",
			);
			name = "[CP] Check Pods Manifest.lock";
			outputPaths = (
				"$(DERIVED_FILE_DIR)/Pods-Directory-checkManifestLockResult.txt",
			);
			runOnlyForDeploymentPostprocessing = 0;
			shellPath = /bin/sh;
			shellScript = "diff \"${PODS_PODFILE_DIR_PATH}/Podfile.lock\" \"${PODS_ROOT}/Manifest.lock\" > /dev/null\nif [ $? != 0 ] ; then\n    # print error to STDERR\n    echo \"error: The sandbox is not in sync with the Podfile.lock. Run 'pod install' or update your CocoaPods installation.\" >&2\n    exit 1\nfi\n# This output is used by Xcode 'outputs' to avoid re-running this script phase.\necho \"SUCCESS\" > \"${SCRIPT_OUTPUT_FILE_0}\"\n";
			showEnvVarsInLog = 0;
		};
/* End PBXShellScriptBuildPhase section */

/* Begin PBXSourcesBuildPhase section */
		54F7A25A205C25E300BC7531 /* Sources */ = {
			isa = PBXSourcesBuildPhase;
			buildActionMask = 2147483647;
			files = (
				545854D2205C79B700003635 /* CategoryHeaderView.swift in Sources */,
				54C46F252060294100B2B001 /* Region.swift in Sources */,
				54609FF1205C61C3000169BE /* ImageView.swift in Sources */,
				54F7A266205C25E400BC7531 /* SiteViewController.swift in Sources */,
				54CD010F205C8E660014417B /* Button.swift in Sources */,
				545854D8205C7B7F00003635 /* NibLoadable.swift in Sources */,
				5487B9C7205C50C40055481C /* SiteCell.swift in Sources */,
				545190AB205C2DA7009C9F7C /* Environment.swift in Sources */,
				545190A9205C2C14009C9F7C /* Site.swift in Sources */,
				545190A7205C2C0E009C9F7C /* Category.swift in Sources */,
				5487B9C2205C42FC0055481C /* NavigationController.swift in Sources */,
				54F7A264205C25E400BC7531 /* DirectoryViewController.swift in Sources */,
				5487B9C4205C47840055481C /* StoryboardLoadable.swift in Sources */,
				545190AE205C3182009C9F7C /* FetchRequest.swift in Sources */,
				5487B9BE205C39080055481C /* Localization.swift in Sources */,
				545854D7205C7B7F00003635 /* ReusableCell.swift in Sources */,
				54F7A262205C25E300BC7531 /* AppDelegate.swift in Sources */,
			);
			runOnlyForDeploymentPostprocessing = 0;
		};
/* End PBXSourcesBuildPhase section */

/* Begin PBXVariantGroup section */
		54F7A267205C25E400BC7531 /* Main.storyboard */ = {
			isa = PBXVariantGroup;
			children = (
				54F7A268205C25E400BC7531 /* Base */,
			);
			name = Main.storyboard;
			sourceTree = "<group>";
		};
		54F7A26C205C25E400BC7531 /* LaunchScreen.storyboard */ = {
			isa = PBXVariantGroup;
			children = (
				54F7A26D205C25E400BC7531 /* Base */,
			);
			name = LaunchScreen.storyboard;
			sourceTree = "<group>";
		};
/* End PBXVariantGroup section */

/* Begin XCBuildConfiguration section */
		54F7A27B205C25E400BC7531 /* Debug */ = {
			isa = XCBuildConfiguration;
			buildSettings = {
				ALWAYS_SEARCH_USER_PATHS = NO;
				CLANG_ANALYZER_NONNULL = YES;
				CLANG_ANALYZER_NUMBER_OBJECT_CONVERSION = YES_AGGRESSIVE;
				CLANG_CXX_LANGUAGE_STANDARD = "gnu++14";
				CLANG_CXX_LIBRARY = "libc++";
				CLANG_ENABLE_MODULES = YES;
				CLANG_ENABLE_OBJC_ARC = YES;
				CLANG_WARN_BLOCK_CAPTURE_AUTORELEASING = YES;
				CLANG_WARN_BOOL_CONVERSION = YES;
				CLANG_WARN_COMMA = YES;
				CLANG_WARN_CONSTANT_CONVERSION = YES;
				CLANG_WARN_DEPRECATED_OBJC_IMPLEMENTATIONS = YES;
				CLANG_WARN_DIRECT_OBJC_ISA_USAGE = YES_ERROR;
				CLANG_WARN_DOCUMENTATION_COMMENTS = YES;
				CLANG_WARN_EMPTY_BODY = YES;
				CLANG_WARN_ENUM_CONVERSION = YES;
				CLANG_WARN_INFINITE_RECURSION = YES;
				CLANG_WARN_INT_CONVERSION = YES;
				CLANG_WARN_NON_LITERAL_NULL_CONVERSION = YES;
				CLANG_WARN_OBJC_IMPLICIT_RETAIN_SELF = YES;
				CLANG_WARN_OBJC_LITERAL_CONVERSION = YES;
				CLANG_WARN_OBJC_ROOT_CLASS = YES_ERROR;
				CLANG_WARN_RANGE_LOOP_ANALYSIS = YES;
				CLANG_WARN_STRICT_PROTOTYPES = YES;
				CLANG_WARN_SUSPICIOUS_MOVE = YES;
				CLANG_WARN_UNGUARDED_AVAILABILITY = YES_AGGRESSIVE;
				CLANG_WARN_UNREACHABLE_CODE = YES;
				CLANG_WARN__DUPLICATE_METHOD_MATCH = YES;
				CODE_SIGN_IDENTITY = "iPhone Developer";
				COPY_PHASE_STRIP = NO;
				DEBUG_INFORMATION_FORMAT = dwarf;
				ENABLE_STRICT_OBJC_MSGSEND = YES;
				ENABLE_TESTABILITY = YES;
				GCC_C_LANGUAGE_STANDARD = gnu11;
				GCC_DYNAMIC_NO_PIC = NO;
				GCC_NO_COMMON_BLOCKS = YES;
				GCC_OPTIMIZATION_LEVEL = 0;
				GCC_PREPROCESSOR_DEFINITIONS = (
					"DEBUG=1",
					"$(inherited)",
				);
				GCC_WARN_64_TO_32_BIT_CONVERSION = YES;
				GCC_WARN_ABOUT_RETURN_TYPE = YES_ERROR;
				GCC_WARN_UNDECLARED_SELECTOR = YES;
				GCC_WARN_UNINITIALIZED_AUTOS = YES_AGGRESSIVE;
				GCC_WARN_UNUSED_FUNCTION = YES;
				GCC_WARN_UNUSED_VARIABLE = YES;
				IPHONEOS_DEPLOYMENT_TARGET = 11.2;
				MTL_ENABLE_DEBUG_INFO = YES;
				ONLY_ACTIVE_ARCH = YES;
				SDKROOT = iphoneos;
				SWIFT_ACTIVE_COMPILATION_CONDITIONS = DEBUG;
				SWIFT_OPTIMIZATION_LEVEL = "-Onone";
			};
			name = Debug;
		};
		54F7A27C205C25E400BC7531 /* Release */ = {
			isa = XCBuildConfiguration;
			buildSettings = {
				ALWAYS_SEARCH_USER_PATHS = NO;
				CLANG_ANALYZER_NONNULL = YES;
				CLANG_ANALYZER_NUMBER_OBJECT_CONVERSION = YES_AGGRESSIVE;
				CLANG_CXX_LANGUAGE_STANDARD = "gnu++14";
				CLANG_CXX_LIBRARY = "libc++";
				CLANG_ENABLE_MODULES = YES;
				CLANG_ENABLE_OBJC_ARC = YES;
				CLANG_WARN_BLOCK_CAPTURE_AUTORELEASING = YES;
				CLANG_WARN_BOOL_CONVERSION = YES;
				CLANG_WARN_COMMA = YES;
				CLANG_WARN_CONSTANT_CONVERSION = YES;
				CLANG_WARN_DEPRECATED_OBJC_IMPLEMENTATIONS = YES;
				CLANG_WARN_DIRECT_OBJC_ISA_USAGE = YES_ERROR;
				CLANG_WARN_DOCUMENTATION_COMMENTS = YES;
				CLANG_WARN_EMPTY_BODY = YES;
				CLANG_WARN_ENUM_CONVERSION = YES;
				CLANG_WARN_INFINITE_RECURSION = YES;
				CLANG_WARN_INT_CONVERSION = YES;
				CLANG_WARN_NON_LITERAL_NULL_CONVERSION = YES;
				CLANG_WARN_OBJC_IMPLICIT_RETAIN_SELF = YES;
				CLANG_WARN_OBJC_LITERAL_CONVERSION = YES;
				CLANG_WARN_OBJC_ROOT_CLASS = YES_ERROR;
				CLANG_WARN_RANGE_LOOP_ANALYSIS = YES;
				CLANG_WARN_STRICT_PROTOTYPES = YES;
				CLANG_WARN_SUSPICIOUS_MOVE = YES;
				CLANG_WARN_UNGUARDED_AVAILABILITY = YES_AGGRESSIVE;
				CLANG_WARN_UNREACHABLE_CODE = YES;
				CLANG_WARN__DUPLICATE_METHOD_MATCH = YES;
				CODE_SIGN_IDENTITY = "iPhone Developer";
				COPY_PHASE_STRIP = NO;
				DEBUG_INFORMATION_FORMAT = "dwarf-with-dsym";
				ENABLE_NS_ASSERTIONS = NO;
				ENABLE_STRICT_OBJC_MSGSEND = YES;
				GCC_C_LANGUAGE_STANDARD = gnu11;
				GCC_NO_COMMON_BLOCKS = YES;
				GCC_WARN_64_TO_32_BIT_CONVERSION = YES;
				GCC_WARN_ABOUT_RETURN_TYPE = YES_ERROR;
				GCC_WARN_UNDECLARED_SELECTOR = YES;
				GCC_WARN_UNINITIALIZED_AUTOS = YES_AGGRESSIVE;
				GCC_WARN_UNUSED_FUNCTION = YES;
				GCC_WARN_UNUSED_VARIABLE = YES;
				IPHONEOS_DEPLOYMENT_TARGET = 11.2;
				MTL_ENABLE_DEBUG_INFO = NO;
				SDKROOT = iphoneos;
				SWIFT_OPTIMIZATION_LEVEL = "-Owholemodule";
				VALIDATE_PRODUCT = YES;
			};
			name = Release;
		};
		54F7A27E205C25E400BC7531 /* Debug */ = {
			isa = XCBuildConfiguration;
			baseConfigurationReference = 8B6E389A057D59E9A09400A4 /* Pods-Directory.debug.xcconfig */;
			buildSettings = {
				ASSETCATALOG_COMPILER_APPICON_NAME = AppIcon;
				CODE_SIGN_STYLE = Automatic;
				DEVELOPMENT_TEAM = V2CWYL9AN8;
				INFOPLIST_FILE = Directory/Info.plist;
				IPHONEOS_DEPLOYMENT_TARGET = 11.0;
				LD_RUNPATH_SEARCH_PATHS = "$(inherited) @executable_path/Frameworks";
				PRODUCT_BUNDLE_IDENTIFIER = com.152percent.Directory;
				PRODUCT_NAME = "$(TARGET_NAME)";
				SWIFT_VERSION = 4.0;
				TARGETED_DEVICE_FAMILY = 1;
			};
			name = Debug;
		};
		54F7A27F205C25E400BC7531 /* Release */ = {
			isa = XCBuildConfiguration;
			baseConfigurationReference = F449270B4FBA0D64D2CAA971 /* Pods-Directory.release.xcconfig */;
			buildSettings = {
				ASSETCATALOG_COMPILER_APPICON_NAME = AppIcon;
				CODE_SIGN_STYLE = Automatic;
				DEVELOPMENT_TEAM = V2CWYL9AN8;
				INFOPLIST_FILE = Directory/Info.plist;
				IPHONEOS_DEPLOYMENT_TARGET = 11.0;
				LD_RUNPATH_SEARCH_PATHS = "$(inherited) @executable_path/Frameworks";
				PRODUCT_BUNDLE_IDENTIFIER = com.152percent.Directory;
				PRODUCT_NAME = "$(TARGET_NAME)";
				SWIFT_VERSION = 4.0;
				TARGETED_DEVICE_FAMILY = 1;
			};
			name = Release;
		};
/* End XCBuildConfiguration section */

/* Begin XCConfigurationList section */
		54F7A259205C25E300BC7531 /* Build configuration list for PBXProject "Directory" */ = {
			isa = XCConfigurationList;
			buildConfigurations = (
				54F7A27B205C25E400BC7531 /* Debug */,
				54F7A27C205C25E400BC7531 /* Release */,
			);
			defaultConfigurationIsVisible = 0;
			defaultConfigurationName = Release;
		};
		54F7A27D205C25E400BC7531 /* Build configuration list for PBXNativeTarget "Directory" */ = {
			isa = XCConfigurationList;
			buildConfigurations = (
				54F7A27E205C25E400BC7531 /* Debug */,
				54F7A27F205C25E400BC7531 /* Release */,
			);
			defaultConfigurationIsVisible = 0;
			defaultConfigurationName = Release;
		};
/* End XCConfigurationList section */
	};
	rootObject = 54F7A256205C25E300BC7531 /* Project object */;
}
