PODS:
  - GraphicsRenderer (1.2.0)
  - Peek (5.0.0):
    - GraphicsRenderer (= 1.2.0)

DEPENDENCIES:
  - Peek (from `../Peek`)

EXTERNAL SOURCES:
  Peek:
    :path: ../Peek

SPEC CHECKSUMS:
  GraphicsRenderer: fec3014926360221359205a64060414273d625e5
  Peek: 64ec5f288fa623b7a0bf645d1c9c6191ffe9e4d9

PODFILE CHECKSUM: dd2cd6c8a835b62de1ee045355dc82dcef9a7720

COCOAPODS: 1.4.0
